
Microsoft Visual Studio Solution File, Format Version 12.00
# Visual Studio Version 17
VisualStudioVersion = 17.13.35931.197 d17.13
MinimumVisualStudioVersion = 10.0.40219.1
Project("{FAE04EC0-301F-11D3-BF4B-00C04F79EFBC}") = "HazeClue.Core", "HazeClue.Core\HazeClue.Core.csproj", "{999BDA0E-06C1-4E05-89A2-6565E014E4CF}"
EndProject
Project("{FAE04EC0-301F-11D3-BF4B-00C04F79EFBC}") = "HazeClue.Infrastructure", "HazeClue.Infrastructure\HazeClue.Infrastructure.csproj", "{0DE8952D-56F8-470A-8BDF-E78844496217}"
EndProject
Project("{2150E333-8FDC-42A3-9474-1A3956D46DE8}") = "src", "src", "{02EA681E-C7D8-13C7-8484-4AC65E1B71E8}"
EndProject
Project("{FAE04EC0-301F-11D3-BF4B-00C04F79EFBC}") = "HazeClue.UI", "HazeClue.UI\HazeClue.UI.csproj", "{67A7544F-3854-48EB-B21E-11BCE84E3474}"
EndProject
Project("{2150E333-8FDC-42A3-9474-1A3956D46DE8}") = "tests", "tests", "{D2C2ACA9-0ECB-4269-8810-E946441D1D47}"
EndProject
Project("{FAE04EC0-301F-11D3-BF4B-00C04F79EFBC}") = "HazeClue.ControllerTests", "HazeClue.ControllerTests\HazeClue.ControllerTests.csproj", "{B4539398-6077-47AD-809B-240DCC18D26F}"
EndProject
Project("{FAE04EC0-301F-11D3-BF4B-00C04F79EFBC}") = "HazeClue.IntegrationTests", "HazeClue.IntegrationTests\HazeClue.IntegrationTests.csproj", "{BD5D6F75-613E-4B8A-B080-60F36F0E824C}"
EndProject
Project("{FAE04EC0-301F-11D3-BF4B-00C04F79EFBC}") = "HazeClue.ServiceTests", "HazeClue.ServiceTests\HazeClue.ServiceTests.csproj", "{ACFF548B-3BB4-42FF-AC0E-283DD0780970}"
EndProject
Global
	GlobalSection(SolutionConfigurationPlatforms) = preSolution
		Debug|Any CPU = Debug|Any CPU
		Release|Any CPU = Release|Any CPU
	EndGlobalSection
	GlobalSection(ProjectConfigurationPlatforms) = postSolution
		{999BDA0E-06C1-4E05-89A2-6565E014E4CF}.Debug|Any CPU.ActiveCfg = Debug|Any CPU
		{999BDA0E-06C1-4E05-89A2-6565E014E4CF}.Debug|Any CPU.Build.0 = Debug|Any CPU
		{999BDA0E-06C1-4E05-89A2-6565E014E4CF}.Release|Any CPU.ActiveCfg = Release|Any CPU
		{999BDA0E-06C1-4E05-89A2-6565E014E4CF}.Release|Any CPU.Build.0 = Release|Any CPU
		{0DE8952D-56F8-470A-8BDF-E78844496217}.Debug|Any CPU.ActiveCfg = Debug|Any CPU
		{0DE8952D-56F8-470A-8BDF-E78844496217}.Debug|Any CPU.Build.0 = Debug|Any CPU
		{0DE8952D-56F8-470A-8BDF-E78844496217}.Release|Any CPU.ActiveCfg = Release|Any CPU
		{0DE8952D-56F8-470A-8BDF-E78844496217}.Release|Any CPU.Build.0 = Release|Any CPU
		{67A7544F-3854-48EB-B21E-11BCE84E3474}.Debug|Any CPU.ActiveCfg = Debug|Any CPU
		{67A7544F-3854-48EB-B21E-11BCE84E3474}.Debug|Any CPU.Build.0 = Debug|Any CPU
		{67A7544F-3854-48EB-B21E-11BCE84E3474}.Release|Any CPU.ActiveCfg = Release|Any CPU
		{67A7544F-3854-48EB-B21E-11BCE84E3474}.Release|Any CPU.Build.0 = Release|Any CPU
		{B4539398-6077-47AD-809B-240DCC18D26F}.Debug|Any CPU.ActiveCfg = Debug|Any CPU
		{B4539398-6077-47AD-809B-240DCC18D26F}.Debug|Any CPU.Build.0 = Debug|Any CPU
		{B4539398-6077-47AD-809B-240DCC18D26F}.Release|Any CPU.ActiveCfg = Release|Any CPU
		{B4539398-6077-47AD-809B-240DCC18D26F}.Release|Any CPU.Build.0 = Release|Any CPU
		{BD5D6F75-613E-4B8A-B080-60F36F0E824C}.Debug|Any CPU.ActiveCfg = Debug|Any CPU
		{BD5D6F75-613E-4B8A-B080-60F36F0E824C}.Debug|Any CPU.Build.0 = Debug|Any CPU
		{BD5D6F75-613E-4B8A-B080-60F36F0E824C}.Release|Any CPU.ActiveCfg = Release|Any CPU
		{BD5D6F75-613E-4B8A-B080-60F36F0E824C}.Release|Any CPU.Build.0 = Release|Any CPU
		{ACFF548B-3BB4-42FF-AC0E-283DD0780970}.Debug|Any CPU.ActiveCfg = Debug|Any CPU
		{ACFF548B-3BB4-42FF-AC0E-283DD0780970}.Debug|Any CPU.Build.0 = Debug|Any CPU
		{ACFF548B-3BB4-42FF-AC0E-283DD0780970}.Release|Any CPU.ActiveCfg = Release|Any CPU
		{ACFF548B-3BB4-42FF-AC0E-283DD0780970}.Release|Any CPU.Build.0 = Release|Any CPU
	EndGlobalSection
	GlobalSection(SolutionProperties) = preSolution
		HideSolutionNode = FALSE
	EndGlobalSection
	GlobalSection(NestedProjects) = preSolution
		{999BDA0E-06C1-4E05-89A2-6565E014E4CF} = {02EA681E-C7D8-13C7-8484-4AC65E1B71E8}
		{0DE8952D-56F8-470A-8BDF-E78844496217} = {02EA681E-C7D8-13C7-8484-4AC65E1B71E8}
		{67A7544F-3854-48EB-B21E-11BCE84E3474} = {02EA681E-C7D8-13C7-8484-4AC65E1B71E8}
		{B4539398-6077-47AD-809B-240DCC18D26F} = {D2C2ACA9-0ECB-4269-8810-E946441D1D47}
		{BD5D6F75-613E-4B8A-B080-60F36F0E824C} = {D2C2ACA9-0ECB-4269-8810-E946441D1D47}
		{ACFF548B-3BB4-42FF-AC0E-283DD0780970} = {D2C2ACA9-0ECB-4269-8810-E946441D1D47}
	EndGlobalSection
	GlobalSection(ExtensibilityGlobals) = postSolution
		SolutionGuid = {F1658F8A-0C6C-462A-B4E4-6B7333FE71C2}
	EndGlobalSection
EndGlobal
